// !$*UTF8*$!
{
	archiveVersion = 1;
	classes = {
	};
	objectVersion = 56;
	objects = {

/* Begin PBXBuildFile section */
		AF34AC9B2A74EFD800047C32 /* Extensions.swift in Sources */ = {isa = PBXBuildFile; fileRef = AF34AC9A2A74EFD800047C32 /* Extensions.swift */; };
		AFA7DC9E2A76437A00017E68 /* Title.swift in Sources */ = {isa = PBXBuildFile; fileRef = AFA7DC9D2A76437A00017E68 /* Title.swift */; };
		AFA7DCA22A76561700017E68 /* TitleCollectionViewCell.swift in Sources */ = {isa = PBXBuildFile; fileRef = AFA7DCA12A76561700017E68 /* TitleCollectionViewCell.swift */; };
		AFA7DCA52A76584600017E68 /* SDWebImage in Frameworks */ = {isa = PBXBuildFile; productRef = AFA7DCA42A76584600017E68 /* SDWebImage */; };
		AFA7DCA72A76584600017E68 /* SDWebImageMapKit in Frameworks */ = {isa = PBXBuildFile; productRef = AFA7DCA62A76584600017E68 /* SDWebImageMapKit */; };
		AFF1E58D2A73BE36002F79D1 /* AppDelegate.swift in Sources */ = {isa = PBXBuildFile; fileRef = AFF1E58C2A73BE36002F79D1 /* AppDelegate.swift */; };
		AFF1E58F2A73BE36002F79D1 /* SceneDelegate.swift in Sources */ = {isa = PBXBuildFile; fileRef = AFF1E58E2A73BE36002F79D1 /* SceneDelegate.swift */; };
		AFF1E5912A73BE36002F79D1 /* MainTabBarController.swift in Sources */ = {isa = PBXBuildFile; fileRef = AFF1E5902A73BE36002F79D1 /* MainTabBarController.swift */; };
		AFF1E5962A73BE37002F79D1 /* Assets.xcassets in Resources */ = {isa = PBXBuildFile; fileRef = AFF1E5952A73BE37002F79D1 /* Assets.xcassets */; };
		AFF1E5992A73BE37002F79D1 /* LaunchScreen.storyboard in Resources */ = {isa = PBXBuildFile; fileRef = AFF1E5972A73BE37002F79D1 /* LaunchScreen.storyboard */; };
		AFF1E5A22A73C050002F79D1 /* HomeViewController.swift in Sources */ = {isa = PBXBuildFile; fileRef = AFF1E5A12A73C050002F79D1 /* HomeViewController.swift */; };
		AFF1E5A42A73C0C4002F79D1 /* UpcomingViewController.swift in Sources */ = {isa = PBXBuildFile; fileRef = AFF1E5A32A73C0C4002F79D1 /* UpcomingViewController.swift */; };
		AFF1E5A62A73C0ED002F79D1 /* SearchViewController.swift in Sources */ = {isa = PBXBuildFile; fileRef = AFF1E5A52A73C0ED002F79D1 /* SearchViewController.swift */; };
		AFF1E5A82A73C10B002F79D1 /* DownloadsViewController.swift in Sources */ = {isa = PBXBuildFile; fileRef = AFF1E5A72A73C10B002F79D1 /* DownloadsViewController.swift */; };
		AFF1E5AF2A73C6A6002F79D1 /* CollectionViewTableViewCell.swift in Sources */ = {isa = PBXBuildFile; fileRef = AFF1E5AE2A73C6A6002F79D1 /* CollectionViewTableViewCell.swift */; };
		AFF1E5B12A73D35B002F79D1 /* BannerHeaderUIView.swift in Sources */ = {isa = PBXBuildFile; fileRef = AFF1E5B02A73D35B002F79D1 /* BannerHeaderUIView.swift */; };
		AFF1E5B32A73EA03002F79D1 /* ApiCaller.swift in Sources */ = {isa = PBXBuildFile; fileRef = AFF1E5B22A73EA03002F79D1 /* ApiCaller.swift */; };
/* End PBXBuildFile section */

/* Begin PBXFileReference section */
		AF34AC9A2A74EFD800047C32 /* Extensions.swift */ = {isa = PBXFileReference; lastKnownFileType = sourcecode.swift; path = Extensions.swift; sourceTree = "<group>"; };
		AFA7DC9D2A76437A00017E68 /* Title.swift */ = {isa = PBXFileReference; lastKnownFileType = sourcecode.swift; path = Title.swift; sourceTree = "<group>"; };
		AFA7DCA12A76561700017E68 /* TitleCollectionViewCell.swift */ = {isa = PBXFileReference; lastKnownFileType = sourcecode.swift; path = TitleCollectionViewCell.swift; sourceTree = "<group>"; };
		AFF1E5892A73BE36002F79D1 /* CinemaApi.app */ = {isa = PBXFileReference; explicitFileType = wrapper.application; includeInIndex = 0; path = CinemaApi.app; sourceTree = BUILT_PRODUCTS_DIR; };
		AFF1E58C2A73BE36002F79D1 /* AppDelegate.swift */ = {isa = PBXFileReference; lastKnownFileType = sourcecode.swift; path = AppDelegate.swift; sourceTree = "<group>"; };
		AFF1E58E2A73BE36002F79D1 /* SceneDelegate.swift */ = {isa = PBXFileReference; lastKnownFileType = sourcecode.swift; path = SceneDelegate.swift; sourceTree = "<group>"; };
		AFF1E5902A73BE36002F79D1 /* MainTabBarController.swift */ = {isa = PBXFileReference; lastKnownFileType = sourcecode.swift; path = MainTabBarController.swift; sourceTree = "<group>"; };
		AFF1E5952A73BE37002F79D1 /* Assets.xcassets */ = {isa = PBXFileReference; lastKnownFileType = folder.assetcatalog; path = Assets.xcassets; sourceTree = "<group>"; };
		AFF1E5982A73BE37002F79D1 /* Base */ = {isa = PBXFileReference; lastKnownFileType = file.storyboard; name = Base; path = Base.lproj/LaunchScreen.storyboard; sourceTree = "<group>"; };
		AFF1E59A2A73BE37002F79D1 /* Info.plist */ = {isa = PBXFileReference; lastKnownFileType = text.plist.xml; path = Info.plist; sourceTree = "<group>"; };
		AFF1E5A12A73C050002F79D1 /* HomeViewController.swift */ = {isa = PBXFileReference; lastKnownFileType = sourcecode.swift; path = HomeViewController.swift; sourceTree = "<group>"; };
		AFF1E5A32A73C0C4002F79D1 /* UpcomingViewController.swift */ = {isa = PBXFileReference; lastKnownFileType = sourcecode.swift; path = UpcomingViewController.swift; sourceTree = "<group>"; };
		AFF1E5A52A73C0ED002F79D1 /* SearchViewController.swift */ = {isa = PBXFileReference; lastKnownFileType = sourcecode.swift; path = SearchViewController.swift; sourceTree = "<group>"; };
		AFF1E5A72A73C10B002F79D1 /* DownloadsViewController.swift */ = {isa = PBXFileReference; lastKnownFileType = sourcecode.swift; path = DownloadsViewController.swift; sourceTree = "<group>"; };
		AFF1E5AE2A73C6A6002F79D1 /* CollectionViewTableViewCell.swift */ = {isa = PBXFileReference; lastKnownFileType = sourcecode.swift; path = CollectionViewTableViewCell.swift; sourceTree = "<group>"; };
		AFF1E5B02A73D35B002F79D1 /* BannerHeaderUIView.swift */ = {isa = PBXFileReference; lastKnownFileType = sourcecode.swift; path = BannerHeaderUIView.swift; sourceTree = "<group>"; };
		AFF1E5B22A73EA03002F79D1 /* ApiCaller.swift */ = {isa = PBXFileReference; lastKnownFileType = sourcecode.swift; path = ApiCaller.swift; sourceTree = "<group>"; };
/* End PBXFileReference section */

/* Begin PBXFrameworksBuildPhase section */
		AFF1E5862A73BE36002F79D1 /* Frameworks */ = {
			isa = PBXFrameworksBuildPhase;
			buildActionMask = 2147483647;
			files = (
				AFA7DCA72A76584600017E68 /* SDWebImageMapKit in Frameworks */,
				AFA7DCA52A76584600017E68 /* SDWebImage in Frameworks */,
			);
			runOnlyForDeploymentPostprocessing = 0;
		};
/* End PBXFrameworksBuildPhase section */

/* Begin PBXGroup section */
		AFF1E5802A73BE36002F79D1 = {
			isa = PBXGroup;
			children = (
				AFF1E58B2A73BE36002F79D1 /* CinemaApi */,
				AFF1E58A2A73BE36002F79D1 /* Products */,
			);
			sourceTree = "<group>";
		};
		AFF1E58A2A73BE36002F79D1 /* Products */ = {
			isa = PBXGroup;
			children = (
				AFF1E5892A73BE36002F79D1 /* CinemaApi.app */,
			);
			name = Products;
			sourceTree = "<group>";
		};
		AFF1E58B2A73BE36002F79D1 /* CinemaApi */ = {
			isa = PBXGroup;
			children = (
				AFF1E5AD2A73C67A002F79D1 /* Managers */,
				AFF1E5AC2A73C670002F79D1 /* Resources */,
				AFF1E5AB2A73C664002F79D1 /* Models */,
				AFF1E5AA2A73C655002F79D1 /* ViewModels */,
				AFF1E5A92A73C645002F79D1 /* Views */,
				AFF1E5A02A73C02C002F79D1 /* Controllers */,
				AFF1E58C2A73BE36002F79D1 /* AppDelegate.swift */,
				AFF1E58E2A73BE36002F79D1 /* SceneDelegate.swift */,
				AFF1E5952A73BE37002F79D1 /* Assets.xcassets */,
				AFF1E5972A73BE37002F79D1 /* LaunchScreen.storyboard */,
				AFF1E59A2A73BE37002F79D1 /* Info.plist */,
			);
			path = CinemaApi;
			sourceTree = "<group>";
		};
		AFF1E5A02A73C02C002F79D1 /* Controllers */ = {
			isa = PBXGroup;
			children = (
				AFF1E5902A73BE36002F79D1 /* MainTabBarController.swift */,
				AFF1E5A12A73C050002F79D1 /* HomeViewController.swift */,
				AFF1E5A32A73C0C4002F79D1 /* UpcomingViewController.swift */,
				AFF1E5A52A73C0ED002F79D1 /* SearchViewController.swift */,
				AFF1E5A72A73C10B002F79D1 /* DownloadsViewController.swift */,
			);
			path = Controllers;
			sourceTree = "<group>";
		};
		AFF1E5A92A73C645002F79D1 /* Views */ = {
			isa = PBXGroup;
			children = (
				AFF1E5AE2A73C6A6002F79D1 /* CollectionViewTableViewCell.swift */,
				AFF1E5B02A73D35B002F79D1 /* BannerHeaderUIView.swift */,
				AFA7DCA12A76561700017E68 /* TitleCollectionViewCell.swift */,
			);
			path = Views;
			sourceTree = "<group>";
		};
		AFF1E5AA2A73C655002F79D1 /* ViewModels */ = {
			isa = PBXGroup;
			children = (
			);
			path = ViewModels;
			sourceTree = "<group>";
		};
		AFF1E5AB2A73C664002F79D1 /* Models */ = {
			isa = PBXGroup;
			children = (
				AFA7DC9D2A76437A00017E68 /* Title.swift */,
			);
			path = Models;
			sourceTree = "<group>";
		};
		AFF1E5AC2A73C670002F79D1 /* Resources */ = {
			isa = PBXGroup;
			children = (
				AF34AC9A2A74EFD800047C32 /* Extensions.swift */,
			);
			path = Resources;
			sourceTree = "<group>";
		};
		AFF1E5AD2A73C67A002F79D1 /* Managers */ = {
			isa = PBXGroup;
			children = (
				AFF1E5B22A73EA03002F79D1 /* ApiCaller.swift */,
			);
			path = Managers;
			sourceTree = "<group>";
		};
/* End PBXGroup section */

/* Begin PBXNativeTarget section */
		AFF1E5882A73BE36002F79D1 /* CinemaApi */ = {
			isa = PBXNativeTarget;
			buildConfigurationList = AFF1E59D2A73BE37002F79D1 /* Build configuration list for PBXNativeTarget "CinemaApi" */;
			buildPhases = (
				AFF1E5852A73BE36002F79D1 /* Sources */,
				AFF1E5862A73BE36002F79D1 /* Frameworks */,
				AFF1E5872A73BE36002F79D1 /* Resources */,
			);
			buildRules = (
			);
			dependencies = (
			);
			name = CinemaApi;
			packageProductDependencies = (
				AFA7DCA42A76584600017E68 /* SDWebImage */,
				AFA7DCA62A76584600017E68 /* SDWebImageMapKit */,
			);
			productName = CinemaApi;
			productReference = AFF1E5892A73BE36002F79D1 /* CinemaApi.app */;
			productType = "com.apple.product-type.application";
		};
/* End PBXNativeTarget section */

/* Begin PBXProject section */
		AFF1E5812A73BE36002F79D1 /* Project object */ = {
			isa = PBXProject;
			attributes = {
				BuildIndependentTargetsInParallel = 1;
				LastSwiftUpdateCheck = 1430;
				LastUpgradeCheck = 1430;
				TargetAttributes = {
					AFF1E5882A73BE36002F79D1 = {
						CreatedOnToolsVersion = 14.3;
					};
				};
			};
			buildConfigurationList = AFF1E5842A73BE36002F79D1 /* Build configuration list for PBXProject "CinemaApi" */;
			compatibilityVersion = "Xcode 14.0";
			developmentRegion = en;
			hasScannedForEncodings = 0;
			knownRegions = (
				en,
				Base,
			);
			mainGroup = AFF1E5802A73BE36002F79D1;
			packageReferences = (
				AFA7DCA32A76584600017E68 /* XCRemoteSwiftPackageReference "SDWebImage" */,
			);
			productRefGroup = AFF1E58A2A73BE36002F79D1 /* Products */;
			projectDirPath = "";
			projectRoot = "";
			targets = (
				AFF1E5882A73BE36002F79D1 /* CinemaApi */,
			);
		};
/* End PBXProject section */

/* Begin PBXResourcesBuildPhase section */
		AFF1E5872A73BE36002F79D1 /* Resources */ = {
			isa = PBXResourcesBuildPhase;
			buildActionMask = 2147483647;
			files = (
				AFF1E5992A73BE37002F79D1 /* LaunchScreen.storyboard in Resources */,
				AFF1E5962A73BE37002F79D1 /* Assets.xcassets in Resources */,
			);
			runOnlyForDeploymentPostprocessing = 0;
		};
/* End PBXResourcesBuildPhase section */

/* Begin PBXSourcesBuildPhase section */
		AFF1E5852A73BE36002F79D1 /* Sources */ = {
			isa = PBXSourcesBuildPhase;
			buildActionMask = 2147483647;
			files = (
				AFF1E5A62A73C0ED002F79D1 /* SearchViewController.swift in Sources */,
				AFA7DCA22A76561700017E68 /* TitleCollectionViewCell.swift in Sources */,
				AFF1E5912A73BE36002F79D1 /* MainTabBarController.swift in Sources */,
				AFF1E5AF2A73C6A6002F79D1 /* CollectionViewTableViewCell.swift in Sources */,
				AFF1E5A82A73C10B002F79D1 /* DownloadsViewController.swift in Sources */,
				AFF1E58D2A73BE36002F79D1 /* AppDelegate.swift in Sources */,
				AFF1E58F2A73BE36002F79D1 /* SceneDelegate.swift in Sources */,
				AFF1E5B12A73D35B002F79D1 /* BannerHeaderUIView.swift in Sources */,
				AF34AC9B2A74EFD800047C32 /* Extensions.swift in Sources */,
				AFF1E5A42A73C0C4002F79D1 /* UpcomingViewController.swift in Sources */,
				AFF1E5A22A73C050002F79D1 /* HomeViewController.swift in Sources */,
				AFA7DC9E2A76437A00017E68 /* Title.swift in Sources */,
				AFF1E5B32A73EA03002F79D1 /* ApiCaller.swift in Sources */,
			);
			runOnlyForDeploymentPostprocessing = 0;
		};
/* End PBXSourcesBuildPhase section */

/* Begin PBXVariantGroup section */
		AFF1E5972A73BE37002F79D1 /* LaunchScreen.storyboard */ = {
			isa = PBXVariantGroup;
			children = (
				AFF1E5982A73BE37002F79D1 /* Base */,
			);
			name = LaunchScreen.storyboard;
			sourceTree = "<group>";
		};
/* End PBXVariantGroup section */

/* Begin XCBuildConfiguration section */
		AFF1E59B2A73BE37002F79D1 /* Debug */ = {
			isa = XCBuildConfiguration;
			buildSettings = {
				ALWAYS_SEARCH_USER_PATHS = NO;
				CLANG_ANALYZER_NONNULL = YES;
				CLANG_ANALYZER_NUMBER_OBJECT_CONVERSION = YES_AGGRESSIVE;
				CLANG_CXX_LANGUAGE_STANDARD = "gnu++20";
				CLANG_ENABLE_MODULES = YES;
				CLANG_ENABLE_OBJC_ARC = YES;
				CLANG_ENABLE_OBJC_WEAK = YES;
				CLANG_WARN_BLOCK_CAPTURE_AUTORELEASING = YES;
				CLANG_WARN_BOOL_CONVERSION = YES;
				CLANG_WARN_COMMA = YES;
				CLANG_WARN_CONSTANT_CONVERSION = YES;
				CLANG_WARN_DEPRECATED_OBJC_IMPLEMENTATIONS = YES;
				CLANG_WARN_DIRECT_OBJC_ISA_USAGE = YES_ERROR;
				CLANG_WARN_DOCUMENTATION_COMMENTS = YES;
				CLANG_WARN_EMPTY_BODY = YES;
				CLANG_WARN_ENUM_CONVERSION = YES;
				CLANG_WARN_INFINITE_RECURSION = YES;
				CLANG_WARN_INT_CONVERSION = YES;
				CLANG_WARN_NON_LITERAL_NULL_CONVERSION = YES;
				CLANG_WARN_OBJC_IMPLICIT_RETAIN_SELF = YES;
				CLANG_WARN_OBJC_LITERAL_CONVERSION = YES;
				CLANG_WARN_OBJC_ROOT_CLASS = YES_ERROR;
				CLANG_WARN_QUOTED_INCLUDE_IN_FRAMEWORK_HEADER = YES;
				CLANG_WARN_RANGE_LOOP_ANALYSIS = YES;
				CLANG_WARN_STRICT_PROTOTYPES = YES;
				CLANG_WARN_SUSPICIOUS_MOVE = YES;
				CLANG_WARN_UNGUARDED_AVAILABILITY = YES_AGGRESSIVE;
				CLANG_WARN_UNREACHABLE_CODE = YES;
				CLANG_WARN__DUPLICATE_METHOD_MATCH = YES;
				COPY_PHASE_STRIP = NO;
				DEBUG_INFORMATION_FORMAT = dwarf;
				ENABLE_STRICT_OBJC_MSGSEND = YES;
				ENABLE_TESTABILITY = YES;
				GCC_C_LANGUAGE_STANDARD = gnu11;
				GCC_DYNAMIC_NO_PIC = NO;
				GCC_NO_COMMON_BLOCKS = YES;
				GCC_OPTIMIZATION_LEVEL = 0;
				GCC_PREPROCESSOR_DEFINITIONS = (
					"DEBUG=1",
					"$(inherited)",
				);
				GCC_WARN_64_TO_32_BIT_CONVERSION = YES;
				GCC_WARN_ABOUT_RETURN_TYPE = YES_ERROR;
				GCC_WARN_UNDECLARED_SELECTOR = YES;
				GCC_WARN_UNINITIALIZED_AUTOS = YES_AGGRESSIVE;
				GCC_WARN_UNUSED_FUNCTION = YES;
				GCC_WARN_UNUSED_VARIABLE = YES;
				IPHONEOS_DEPLOYMENT_TARGET = 16.4;
				MTL_ENABLE_DEBUG_INFO = INCLUDE_SOURCE;
				MTL_FAST_MATH = YES;
				ONLY_ACTIVE_ARCH = YES;
				SDKROOT = iphoneos;
				SWIFT_ACTIVE_COMPILATION_CONDITIONS = DEBUG;
				SWIFT_OPTIMIZATION_LEVEL = "-Onone";
			};
			name = Debug;
		};
		AFF1E59C2A73BE37002F79D1 /* Release */ = {
			isa = XCBuildConfiguration;
			buildSettings = {
				ALWAYS_SEARCH_USER_PATHS = NO;
				CLANG_ANALYZER_NONNULL = YES;
				CLANG_ANALYZER_NUMBER_OBJECT_CONVERSION = YES_AGGRESSIVE;
				CLANG_CXX_LANGUAGE_STANDARD = "gnu++20";
				CLANG_ENABLE_MODULES = YES;
				CLANG_ENABLE_OBJC_ARC = YES;
				CLANG_ENABLE_OBJC_WEAK = YES;
				CLANG_WARN_BLOCK_CAPTURE_AUTORELEASING = YES;
				CLANG_WARN_BOOL_CONVERSION = YES;
				CLANG_WARN_COMMA = YES;
				CLANG_WARN_CONSTANT_CONVERSION = YES;
				CLANG_WARN_DEPRECATED_OBJC_IMPLEMENTATIONS = YES;
				CLANG_WARN_DIRECT_OBJC_ISA_USAGE = YES_ERROR;
				CLANG_WARN_DOCUMENTATION_COMMENTS = YES;
				CLANG_WARN_EMPTY_BODY = YES;
				CLANG_WARN_ENUM_CONVERSION = YES;
				CLANG_WARN_INFINITE_RECURSION = YES;
				CLANG_WARN_INT_CONVERSION = YES;
				CLANG_WARN_NON_LITERAL_NULL_CONVERSION = YES;
				CLANG_WARN_OBJC_IMPLICIT_RETAIN_SELF = YES;
				CLANG_WARN_OBJC_LITERAL_CONVERSION = YES;
				CLANG_WARN_OBJC_ROOT_CLASS = YES_ERROR;
				CLANG_WARN_QUOTED_INCLUDE_IN_FRAMEWORK_HEADER = YES;
				CLANG_WARN_RANGE_LOOP_ANALYSIS = YES;
				CLANG_WARN_STRICT_PROTOTYPES = YES;
				CLANG_WARN_SUSPICIOUS_MOVE = YES;
				CLANG_WARN_UNGUARDED_AVAILABILITY = YES_AGGRESSIVE;
				CLANG_WARN_UNREACHABLE_CODE = YES;
				CLANG_WARN__DUPLICATE_METHOD_MATCH = YES;
				COPY_PHASE_STRIP = NO;
				DEBUG_INFORMATION_FORMAT = "dwarf-with-dsym";
				ENABLE_NS_ASSERTIONS = NO;
				ENABLE_STRICT_OBJC_MSGSEND = YES;
				GCC_C_LANGUAGE_STANDARD = gnu11;
				GCC_NO_COMMON_BLOCKS = YES;
				GCC_WARN_64_TO_32_BIT_CONVERSION = YES;
				GCC_WARN_ABOUT_RETURN_TYPE = YES_ERROR;
				GCC_WARN_UNDECLARED_SELECTOR = YES;
				GCC_WARN_UNINITIALIZED_AUTOS = YES_AGGRESSIVE;
				GCC_WARN_UNUSED_FUNCTION = YES;
				GCC_WARN_UNUSED_VARIABLE = YES;
				IPHONEOS_DEPLOYMENT_TARGET = 16.4;
				MTL_ENABLE_DEBUG_INFO = NO;
				MTL_FAST_MATH = YES;
				SDKROOT = iphoneos;
				SWIFT_COMPILATION_MODE = wholemodule;
				SWIFT_OPTIMIZATION_LEVEL = "-O";
				VALIDATE_PRODUCT = YES;
			};
			name = Release;
		};
		AFF1E59E2A73BE37002F79D1 /* Debug */ = {
			isa = XCBuildConfiguration;
			buildSettings = {
				ASSETCATALOG_COMPILER_APPICON_NAME = AppIcon;
				ASSETCATALOG_COMPILER_GLOBAL_ACCENT_COLOR_NAME = AccentColor;
				CODE_SIGN_STYLE = Automatic;
				CURRENT_PROJECT_VERSION = 1;
				DEVELOPMENT_TEAM = 3QS748535C;
				GENERATE_INFOPLIST_FILE = YES;
				INFOPLIST_FILE = CinemaApi/Info.plist;
				INFOPLIST_KEY_UIApplicationSupportsIndirectInputEvents = YES;
				INFOPLIST_KEY_UILaunchStoryboardName = LaunchScreen;
				INFOPLIST_KEY_UISupportedInterfaceOrientations_iPad = "UIInterfaceOrientationPortrait UIInterfaceOrientationPortraitUpsideDown UIInterfaceOrientationLandscapeLeft UIInterfaceOrientationLandscapeRight";
				INFOPLIST_KEY_UISupportedInterfaceOrientations_iPhone = "UIInterfaceOrientationPortrait UIInterfaceOrientationLandscapeLeft UIInterfaceOrientationLandscapeRight";
				LD_RUNPATH_SEARCH_PATHS = (
					"$(inherited)",
					"@executable_path/Frameworks",
				);
				MARKETING_VERSION = 1.0;
				PRODUCT_BUNDLE_IDENTIFIER = "Nurzhan-Saktaganov.CinemaApi";
				PRODUCT_NAME = "$(TARGET_NAME)";
				SWIFT_EMIT_LOC_STRINGS = YES;
				SWIFT_VERSION = 5.0;
				TARGETED_DEVICE_FAMILY = "1,2";
			};
			name = Debug;
		};
		AFF1E59F2A73BE37002F79D1 /* Release */ = {
			isa = XCBuildConfiguration;
			buildSettings = {
				ASSETCATALOG_COMPILER_APPICON_NAME = AppIcon;
				ASSETCATALOG_COMPILER_GLOBAL_ACCENT_COLOR_NAME = AccentColor;
				CODE_SIGN_STYLE = Automatic;
				CURRENT_PROJECT_VERSION = 1;
				DEVELOPMENT_TEAM = 3QS748535C;
				GENERATE_INFOPLIST_FILE = YES;
				INFOPLIST_FILE = CinemaApi/Info.plist;
				INFOPLIST_KEY_UIApplicationSupportsIndirectInputEvents = YES;
				INFOPLIST_KEY_UILaunchStoryboardName = LaunchScreen;
				INFOPLIST_KEY_UISupportedInterfaceOrientations_iPad = "UIInterfaceOrientationPortrait UIInterfaceOrientationPortraitUpsideDown UIInterfaceOrientationLandscapeLeft UIInterfaceOrientationLandscapeRight";
				INFOPLIST_KEY_UISupportedInterfaceOrientations_iPhone = "UIInterfaceOrientationPortrait UIInterfaceOrientationLandscapeLeft UIInterfaceOrientationLandscapeRight";
				LD_RUNPATH_SEARCH_PATHS = (
					"$(inherited)",
					"@executable_path/Frameworks",
				);
				MARKETING_VERSION = 1.0;
				PRODUCT_BUNDLE_IDENTIFIER = "Nurzhan-Saktaganov.CinemaApi";
				PRODUCT_NAME = "$(TARGET_NAME)";
				SWIFT_EMIT_LOC_STRINGS = YES;
				SWIFT_VERSION = 5.0;
				TARGETED_DEVICE_FAMILY = "1,2";
			};
			name = Release;
		};
/* End XCBuildConfiguration section */

/* Begin XCConfigurationList section */
		AFF1E5842A73BE36002F79D1 /* Build configuration list for PBXProject "CinemaApi" */ = {
			isa = XCConfigurationList;
			buildConfigurations = (
				AFF1E59B2A73BE37002F79D1 /* Debug */,
				AFF1E59C2A73BE37002F79D1 /* Release */,
			);
			defaultConfigurationIsVisible = 0;
			defaultConfigurationName = Release;
		};
		AFF1E59D2A73BE37002F79D1 /* Build configuration list for PBXNativeTarget "CinemaApi" */ = {
			isa = XCConfigurationList;
			buildConfigurations = (
				AFF1E59E2A73BE37002F79D1 /* Debug */,
				AFF1E59F2A73BE37002F79D1 /* Release */,
			);
			defaultConfigurationIsVisible = 0;
			defaultConfigurationName = Release;
		};
/* End XCConfigurationList section */

/* Begin XCRemoteSwiftPackageReference section */
		AFA7DCA32A76584600017E68 /* XCRemoteSwiftPackageReference "SDWebImage" */ = {
			isa = XCRemoteSwiftPackageReference;
			repositoryURL = "https://github.com/SDWebImage/SDWebImage.git";
			requirement = {
				kind = upToNextMajorVersion;
				minimumVersion = 5.0.0;
			};
		};
/* End XCRemoteSwiftPackageReference section */

/* Begin XCSwiftPackageProductDependency section */
		AFA7DCA42A76584600017E68 /* SDWebImage */ = {
			isa = XCSwiftPackageProductDependency;
			package = AFA7DCA32A76584600017E68 /* XCRemoteSwiftPackageReference "SDWebImage" */;
			productName = SDWebImage;
		};
		AFA7DCA62A76584600017E68 /* SDWebImageMapKit */ = {
			isa = XCSwiftPackageProductDependency;
			package = AFA7DCA32A76584600017E68 /* XCRemoteSwiftPackageReference "SDWebImage" */;
			productName = SDWebImageMapKit;
		};
/* End XCSwiftPackageProductDependency section */
	};
	rootObject = AFF1E5812A73BE36002F79D1 /* Project object */;
}
